
Microsoft Visual Studio Solution File, Format Version 12.00
# Visual Studio 2013
VisualStudioVersion = 12.0.31101.0
MinimumVisualStudioVersion = 10.0.40219.1
Project("{FAE04EC0-301F-11D3-BF4B-00C04F79EFBC}") = "Metaverse.ODataBackend", "ODataBackend/Metaverse.ODataBackend.csproj", "{5B577A85-B15D-45EF-960F-A05F8F805084}"
EndProject
Project("{FAE04EC0-301F-11D3-BF4B-00C04F79EFBC}") = "Metaverse.Objects", "Objects/Metaverse.Objects.csproj", "{CED16231-4D21-4448-BAE9-500C8E2E7AB4}"
EndProject
Global
	GlobalSection(SolutionConfigurationPlatforms) = preSolution
Debug|Any CPU = Debug|Any CPU
Release|Any CPU = Release|Any CPU
	EndGlobalSection
	GlobalSection(ProjectConfigurationPlatforms) = postSolution
		{5B577A85-B15D-45EF-960F-A05F8F805084}.Debug|Any CPU.ActiveCfg = Debug|Any CPU
		{5B577A85-B15D-45EF-960F-A05F8F805084}.Debug|Any CPU.Build.0 = Debug|Any CPU
		{5B577A85-B15D-45EF-960F-A05F8F805084}.Release|Any CPU.ActiveCfg = Release|Any CPU
		{5B577A85-B15D-45EF-960F-A05F8F805084}.Release|Any CPU.Build.0 = Release|Any CPU
		{CED16231-4D21-4448-BAE9-500C8E2E7AB4}.Debug|Any CPU.ActiveCfg = Debug|Any CPU
		{CED16231-4D21-4448-BAE9-500C8E2E7AB4}.Debug|Any CPU.Build.0 = Debug|Any CPU
		{CED16231-4D21-4448-BAE9-500C8E2E7AB4}.Release|Any CPU.ActiveCfg = Release|Any CPU
		{CED16231-4D21-4448-BAE9-500C8E2E7AB4}.Release|Any CPU.Build.0 = Release|Any CPU
	EndGlobalSection
	GlobalSection(SolutionProperties) = preSolution
		HideSolutionNode = FALSE
	EndGlobalSection
EndGlobal
