
Microsoft Visual Studio Solution File, Format Version 12.00
# Visual Studio 2013
VisualStudioVersion = 12.0.31101.0
MinimumVisualStudioVersion = 10.0.40219.1
Project("{FAE04EC0-301F-11D3-BF4B-00C04F79EFBC}") = "Metaverse.Objects", "Objects/Metaverse.Objects.csproj", "{EC2AF491-16F6-42C2-93A1-130DA49CAAB3}"
EndProject
Project("{FAE04EC0-301F-11D3-BF4B-00C04F79EFBC}") = "Metaverse.ODataBackend", "ODataBackend/Metaverse.ODataBackend.csproj", "{AA9D611F-BB3A-45AD-9DB1-5E3AB57CA3E6}"
EndProject
Global
	GlobalSection(SolutionConfigurationPlatforms) = preSolution
Debug|Any CPU = Debug|Any CPU
Release|Any CPU = Release|Any CPU
	EndGlobalSection
	GlobalSection(ProjectConfigurationPlatforms) = postSolution
		{EC2AF491-16F6-42C2-93A1-130DA49CAAB3}.Debug|Any CPU.ActiveCfg = Debug|Any CPU
		{EC2AF491-16F6-42C2-93A1-130DA49CAAB3}.Debug|Any CPU.Build.0 = Debug|Any CPU
		{EC2AF491-16F6-42C2-93A1-130DA49CAAB3}.Release|Any CPU.ActiveCfg = Release|Any CPU
		{EC2AF491-16F6-42C2-93A1-130DA49CAAB3}.Release|Any CPU.Build.0 = Release|Any CPU
		{AA9D611F-BB3A-45AD-9DB1-5E3AB57CA3E6}.Debug|Any CPU.ActiveCfg = Debug|Any CPU
		{AA9D611F-BB3A-45AD-9DB1-5E3AB57CA3E6}.Debug|Any CPU.Build.0 = Debug|Any CPU
		{AA9D611F-BB3A-45AD-9DB1-5E3AB57CA3E6}.Release|Any CPU.ActiveCfg = Release|Any CPU
		{AA9D611F-BB3A-45AD-9DB1-5E3AB57CA3E6}.Release|Any CPU.Build.0 = Release|Any CPU
	EndGlobalSection
	GlobalSection(SolutionProperties) = preSolution
		HideSolutionNode = FALSE
	EndGlobalSection
EndGlobal
